
Microsoft Visual Studio Solution File, Format Version 12.00
# Visual Studio Version 17
VisualStudioVersion = 17.4.33205.214
MinimumVisualStudioVersion = 10.0.40219.1
Project("{FAE04EC0-301F-11D3-BF4B-00C04F79EFBC}") = "YearUpAPI", "YearUpAPI\YearUpAPI.csproj", "{AF6B1DC8-678C-4D9F-BC8A-EA4E539174EE}"
EndProject
Global
	GlobalSection(SolutionConfigurationPlatforms) = preSolution
		Debug|Any CPU = Debug|Any CPU
		Release|Any CPU = Release|Any CPU
	EndGlobalSection
	GlobalSection(ProjectConfigurationPlatforms) = postSolution
		{AF6B1DC8-678C-4D9F-BC8A-EA4E539174EE}.Debug|Any CPU.ActiveCfg = Debug|Any CPU
		{AF6B1DC8-678C-4D9F-BC8A-EA4E539174EE}.Debug|Any CPU.Build.0 = Debug|Any CPU
		{AF6B1DC8-678C-4D9F-BC8A-EA4E539174EE}.Release|Any CPU.ActiveCfg = Release|Any CPU
		{AF6B1DC8-678C-4D9F-BC8A-EA4E539174EE}.Release|Any CPU.Build.0 = Release|Any CPU
	EndGlobalSection
	GlobalSection(SolutionProperties) = preSolution
		HideSolutionNode = FALSE
	EndGlobalSection
	GlobalSection(ExtensibilityGlobals) = postSolution
		SolutionGuid = {A82E967D-B4EC-45F1-81B2-F08E688D0E52}
	EndGlobalSection
EndGlobal
